
Microsoft Visual Studio Solution File, Format Version 12.00
# Visual Studio 15
VisualStudioVersion = 15.0.27428.2037
MinimumVisualStudioVersion = 10.0.40219.1
Project("{FAE04EC0-301F-11D3-BF4B-00C04F79EFBC}") = "Argus.App", "Argus\Argus.App.csproj", "{B73BB3CF-1EF9-48AC-9C35-BD75AD0B8370}"
EndProject
Project("{FAE04EC0-301F-11D3-BF4B-00C04F79EFBC}") = "GraphDB", "GraphDB\GraphDB.csproj", "{BC7A8473-6D9C-4960-958E-9DE92FCC367A}"
EndProject
Project("{FAE04EC0-301F-11D3-BF4B-00C04F79EFBC}") = "Argus.Backend", "Argus.Backend\Argus.Backend.csproj", "{6F223BEA-FCB6-44C9-A640-CB068108BED2}"
EndProject
Global
	GlobalSection(SolutionConfigurationPlatforms) = preSolution
		Debug|Any CPU = Debug|Any CPU
		Release|Any CPU = Release|Any CPU
	EndGlobalSection
	GlobalSection(ProjectConfigurationPlatforms) = postSolution
		{B73BB3CF-1EF9-48AC-9C35-BD75AD0B8370}.Debug|Any CPU.ActiveCfg = Debug|Any CPU
		{B73BB3CF-1EF9-48AC-9C35-BD75AD0B8370}.Debug|Any CPU.Build.0 = Debug|Any CPU
		{B73BB3CF-1EF9-48AC-9C35-BD75AD0B8370}.Release|Any CPU.ActiveCfg = Release|Any CPU
		{B73BB3CF-1EF9-48AC-9C35-BD75AD0B8370}.Release|Any CPU.Build.0 = Release|Any CPU
		{BC7A8473-6D9C-4960-958E-9DE92FCC367A}.Debug|Any CPU.ActiveCfg = Debug|Any CPU
		{BC7A8473-6D9C-4960-958E-9DE92FCC367A}.Debug|Any CPU.Build.0 = Debug|Any CPU
		{BC7A8473-6D9C-4960-958E-9DE92FCC367A}.Release|Any CPU.ActiveCfg = Release|Any CPU
		{BC7A8473-6D9C-4960-958E-9DE92FCC367A}.Release|Any CPU.Build.0 = Release|Any CPU
		{6F223BEA-FCB6-44C9-A640-CB068108BED2}.Debug|Any CPU.ActiveCfg = Debug|Any CPU
		{6F223BEA-FCB6-44C9-A640-CB068108BED2}.Debug|Any CPU.Build.0 = Debug|Any CPU
		{6F223BEA-FCB6-44C9-A640-CB068108BED2}.Release|Any CPU.ActiveCfg = Release|Any CPU
		{6F223BEA-FCB6-44C9-A640-CB068108BED2}.Release|Any CPU.Build.0 = Release|Any CPU
	EndGlobalSection
	GlobalSection(SolutionProperties) = preSolution
		HideSolutionNode = FALSE
	EndGlobalSection
	GlobalSection(ExtensibilityGlobals) = postSolution
		SolutionGuid = {9968BAD8-CF2B-4859-93CF-EBFEA808D3B3}
	EndGlobalSection
EndGlobal
